
Microsoft Visual Studio Solution File, Format Version 12.00
Project("{FAE04EC0-301F-11D3-BF4B-00C04F79EFBC}") = "TextSearcher", "TextSearcher\TextSearcher.csproj", "{38069180-B350-4AD9-91F4-086C31239B1C}"
EndProject
Global
	GlobalSection(SolutionConfigurationPlatforms) = preSolution
		Debug|Any CPU = Debug|Any CPU
		Release|Any CPU = Release|Any CPU
	EndGlobalSection
	GlobalSection(ProjectConfigurationPlatforms) = postSolution
		{38069180-B350-4AD9-91F4-086C31239B1C}.Debug|Any CPU.ActiveCfg = Debug|Any CPU
		{38069180-B350-4AD9-91F4-086C31239B1C}.Debug|Any CPU.Build.0 = Debug|Any CPU
		{38069180-B350-4AD9-91F4-086C31239B1C}.Release|Any CPU.ActiveCfg = Release|Any CPU
		{38069180-B350-4AD9-91F4-086C31239B1C}.Release|Any CPU.Build.0 = Release|Any CPU
	EndGlobalSection
EndGlobal
